
Microsoft Visual Studio Solution File, Format Version 12.00
# Visual Studio 2012
Project("{FAE04EC0-301F-11D3-BF4B-00C04F79EFBC}") = "Butzelaar.Generic.Logging.Test", "Butzelaar.Generic.Logging.Test\Butzelaar.Generic.Logging.Test.csproj", "{A813E23E-3894-4365-B57D-3A8B6F29FBE4}"
EndProject
Project("{FAE04EC0-301F-11D3-BF4B-00C04F79EFBC}") = "Butzelaar.Generic.Logging", "Butzelaar.Generic.Logging\Butzelaar.Generic.Logging.csproj", "{510D550D-5C6F-4ACD-A46E-79B6D62A0C45}"
EndProject
Project("{FAE04EC0-301F-11D3-BF4B-00C04F79EFBC}") = "Butzelaar.Generic.Tooling", "Butzelaar.Generic.Tooling\Butzelaar.Generic.Tooling.csproj", "{EE428389-392B-4A86-993B-14E35FB5E0FC}"
EndProject
Project("{FAE04EC0-301F-11D3-BF4B-00C04F79EFBC}") = "Butzelaar.Generic.Tooling.Test", "Butzelaar.Generic.Tooling.Test\Butzelaar.Generic.Tooling.Test.csproj", "{4D22CDAE-5C4A-442C-885E-B18C777CBAC9}"
EndProject
Global
	GlobalSection(SolutionConfigurationPlatforms) = preSolution
		Debug|Any CPU = Debug|Any CPU
		Release|Any CPU = Release|Any CPU
	EndGlobalSection
	GlobalSection(ProjectConfigurationPlatforms) = postSolution
		{A813E23E-3894-4365-B57D-3A8B6F29FBE4}.Debug|Any CPU.ActiveCfg = Debug|Any CPU
		{A813E23E-3894-4365-B57D-3A8B6F29FBE4}.Debug|Any CPU.Build.0 = Debug|Any CPU
		{A813E23E-3894-4365-B57D-3A8B6F29FBE4}.Release|Any CPU.ActiveCfg = Release|Any CPU
		{A813E23E-3894-4365-B57D-3A8B6F29FBE4}.Release|Any CPU.Build.0 = Release|Any CPU
		{510D550D-5C6F-4ACD-A46E-79B6D62A0C45}.Debug|Any CPU.ActiveCfg = Debug|Any CPU
		{510D550D-5C6F-4ACD-A46E-79B6D62A0C45}.Debug|Any CPU.Build.0 = Debug|Any CPU
		{510D550D-5C6F-4ACD-A46E-79B6D62A0C45}.Release|Any CPU.ActiveCfg = Release|Any CPU
		{510D550D-5C6F-4ACD-A46E-79B6D62A0C45}.Release|Any CPU.Build.0 = Release|Any CPU
		{EE428389-392B-4A86-993B-14E35FB5E0FC}.Debug|Any CPU.ActiveCfg = Debug|Any CPU
		{EE428389-392B-4A86-993B-14E35FB5E0FC}.Debug|Any CPU.Build.0 = Debug|Any CPU
		{EE428389-392B-4A86-993B-14E35FB5E0FC}.Release|Any CPU.ActiveCfg = Release|Any CPU
		{EE428389-392B-4A86-993B-14E35FB5E0FC}.Release|Any CPU.Build.0 = Release|Any CPU
		{4D22CDAE-5C4A-442C-885E-B18C777CBAC9}.Debug|Any CPU.ActiveCfg = Debug|Any CPU
		{4D22CDAE-5C4A-442C-885E-B18C777CBAC9}.Debug|Any CPU.Build.0 = Debug|Any CPU
		{4D22CDAE-5C4A-442C-885E-B18C777CBAC9}.Release|Any CPU.ActiveCfg = Release|Any CPU
		{4D22CDAE-5C4A-442C-885E-B18C777CBAC9}.Release|Any CPU.Build.0 = Release|Any CPU
	EndGlobalSection
	GlobalSection(SolutionProperties) = preSolution
		HideSolutionNode = FALSE
	EndGlobalSection
EndGlobal
